
Microsoft Visual Studio Solution File, Format Version 12.00
# Visual Studio 14
VisualStudioVersion = 14.0.22310.1
MinimumVisualStudioVersion = 10.0.40219.1
Project("{FAE04EC0-301F-11D3-BF4B-00C04F79EFBC}") = "FindingDateTimeNow", "FindingDateTimeNow\FindingDateTimeNow.csproj", "{9BC07EBB-56F9-47F4-934D-87DA5BF7AAD5}"
EndProject
Project("{2150E333-8FDC-42A3-9474-1A3956D46DE8}") = ".nuget", ".nuget", "{55B81FE1-A3D6-4171-A9F6-DB2323DD8C92}"
	ProjectSection(SolutionItems) = preProject
		.nuget\packages.config = .nuget\packages.config
	EndProjectSection
EndProject
Project("{FAE04EC0-301F-11D3-BF4B-00C04F79EFBC}") = "FindingDateTimeNow.Tests", "FindingDateTimeNow.Tests\FindingDateTimeNow.Tests.csproj", "{91ABAF79-1E69-4915-876A-D5A8521A98FF}"
EndProject
Project("{FAE04EC0-301F-11D3-BF4B-00C04F79EFBC}") = "FindingDateTimeNow.Vsix", "FindingDateTimeNow.Vsix\FindingDateTimeNow.Vsix.csproj", "{66766443-5FF3-4C69-AC4E-EDD2AE0946F8}"
EndProject
Global
	GlobalSection(SolutionConfigurationPlatforms) = preSolution
		Debug|Any CPU = Debug|Any CPU
		Release|Any CPU = Release|Any CPU
	EndGlobalSection
	GlobalSection(ProjectConfigurationPlatforms) = postSolution
		{9BC07EBB-56F9-47F4-934D-87DA5BF7AAD5}.Debug|Any CPU.ActiveCfg = Debug|Any CPU
		{9BC07EBB-56F9-47F4-934D-87DA5BF7AAD5}.Debug|Any CPU.Build.0 = Debug|Any CPU
		{9BC07EBB-56F9-47F4-934D-87DA5BF7AAD5}.Release|Any CPU.ActiveCfg = Release|Any CPU
		{9BC07EBB-56F9-47F4-934D-87DA5BF7AAD5}.Release|Any CPU.Build.0 = Release|Any CPU
		{91ABAF79-1E69-4915-876A-D5A8521A98FF}.Debug|Any CPU.ActiveCfg = Debug|Any CPU
		{91ABAF79-1E69-4915-876A-D5A8521A98FF}.Debug|Any CPU.Build.0 = Debug|Any CPU
		{91ABAF79-1E69-4915-876A-D5A8521A98FF}.Release|Any CPU.ActiveCfg = Release|Any CPU
		{91ABAF79-1E69-4915-876A-D5A8521A98FF}.Release|Any CPU.Build.0 = Release|Any CPU
		{66766443-5FF3-4C69-AC4E-EDD2AE0946F8}.Debug|Any CPU.ActiveCfg = Debug|Any CPU
		{66766443-5FF3-4C69-AC4E-EDD2AE0946F8}.Debug|Any CPU.Build.0 = Debug|Any CPU
		{66766443-5FF3-4C69-AC4E-EDD2AE0946F8}.Release|Any CPU.ActiveCfg = Release|Any CPU
		{66766443-5FF3-4C69-AC4E-EDD2AE0946F8}.Release|Any CPU.Build.0 = Release|Any CPU
	EndGlobalSection
	GlobalSection(SolutionProperties) = preSolution
		HideSolutionNode = FALSE
	EndGlobalSection
EndGlobal
